
Microsoft Visual Studio Solution File, Format Version 12.00
# Visual Studio 15
VisualStudioVersion = 15.0.28010.2016
MinimumVisualStudioVersion = 10.0.40219.1
Project("{FAE04EC0-301F-11D3-BF4B-00C04F79EFBC}") = "PassDataFromControllerToView", "PassDataFromControllerToView\PassDataFromControllerToView.csproj", "{C8B699C2-A094-4181-B787-96690B5B8F8A}"
EndProject
Global
	GlobalSection(SolutionConfigurationPlatforms) = preSolution
		Debug|Any CPU = Debug|Any CPU
		Release|Any CPU = Release|Any CPU
	EndGlobalSection
	GlobalSection(ProjectConfigurationPlatforms) = postSolution
		{C8B699C2-A094-4181-B787-96690B5B8F8A}.Debug|Any CPU.ActiveCfg = Debug|Any CPU
		{C8B699C2-A094-4181-B787-96690B5B8F8A}.Debug|Any CPU.Build.0 = Debug|Any CPU
		{C8B699C2-A094-4181-B787-96690B5B8F8A}.Release|Any CPU.ActiveCfg = Release|Any CPU
		{C8B699C2-A094-4181-B787-96690B5B8F8A}.Release|Any CPU.Build.0 = Release|Any CPU
	EndGlobalSection
	GlobalSection(SolutionProperties) = preSolution
		HideSolutionNode = FALSE
	EndGlobalSection
	GlobalSection(ExtensibilityGlobals) = postSolution
		SolutionGuid = {1E2209DD-AB52-43E1-8F18-9218CBF2620B}
	EndGlobalSection
EndGlobal
